
Microsoft Visual Studio Solution File, Format Version 10.00
# Visual C# Express 2008
Project("{FAE04EC0-301F-11D3-BF4B-00C04F79EFBC}") = "ACScript", "ACScript.csproj", "{DDABD223-A216-45A8-B307-EF0BFA79380E}"
EndProject
Global
	GlobalSection(SolutionConfigurationPlatforms) = preSolution
		Debug|Any CPU = Debug|Any CPU
		Release|Any CPU = Release|Any CPU
	EndGlobalSection
	GlobalSection(ProjectConfigurationPlatforms) = postSolution
		{DDABD223-A216-45A8-B307-EF0BFA79380E}.Debug|Any CPU.ActiveCfg = Debug|Any CPU
		{DDABD223-A216-45A8-B307-EF0BFA79380E}.Debug|Any CPU.Build.0 = Debug|Any CPU
		{DDABD223-A216-45A8-B307-EF0BFA79380E}.Release|Any CPU.ActiveCfg = Release|Any CPU
		{DDABD223-A216-45A8-B307-EF0BFA79380E}.Release|Any CPU.Build.0 = Release|Any CPU
	EndGlobalSection
	GlobalSection(SolutionProperties) = preSolution
		HideSolutionNode = FALSE
	EndGlobalSection
EndGlobal
