// !$*UTF8*$!
{
	archiveVersion = 1;
	classes = {
	};
	objectVersion = 44;
	objects = {

/* Begin PBXBuildFile section */
		8DD76F6A0486A84900D96B5E /* glpic_conv.1 in CopyFiles */ = {isa = PBXBuildFile; fileRef = C6859E8B029090EE04C91782 /* glpic_conv.1 */; };
		C5D0D0A60D97AC8A007D272A /* EntryPoint.cpp in Sources */ = {isa = PBXBuildFile; fileRef = C5D0D0A10D97AC8A007D272A /* EntryPoint.cpp */; };
		C5D0D0A70D97AC8A007D272A /* Main.cpp in Sources */ = {isa = PBXBuildFile; fileRef = C5D0D0A30D97AC8A007D272A /* Main.cpp */; };
		C5D0D0A80D97AC8A007D272A /* Precompile.cpp in Sources */ = {isa = PBXBuildFile; fileRef = C5D0D0A40D97AC8A007D272A /* Precompile.cpp */; };
		C5D0D0C40D97AE9F007D272A /* libtextga.a in Frameworks */ = {isa = PBXBuildFile; fileRef = C5D0D0C30D97AE9F007D272A /* libtextga.a */; };
		C5D0D0D40D97AFE1007D272A /* libGLPic.a in Frameworks */ = {isa = PBXBuildFile; fileRef = C5D0D0D30D97AFE1007D272A /* libGLPic.a */; };
/* End PBXBuildFile section */

/* Begin PBXCopyFilesBuildPhase section */
		8DD76F690486A84900D96B5E /* CopyFiles */ = {
			isa = PBXCopyFilesBuildPhase;
			buildActionMask = 8;
			dstPath = /usr/share/man/man1/;
			dstSubfolderSpec = 0;
			files = (
				8DD76F6A0486A84900D96B5E /* glpic_conv.1 in CopyFiles */,
			);
			runOnlyForDeploymentPostprocessing = 1;
		};
/* End PBXCopyFilesBuildPhase section */

/* Begin PBXFileReference section */
		8DD76F6C0486A84900D96B5E /* glpic_conv */ = {isa = PBXFileReference; explicitFileType = "compiled.mach-o.executable"; includeInIndex = 0; path = glpic_conv; sourceTree = BUILT_PRODUCTS_DIR; };
		C5D0D0A10D97AC8A007D272A /* EntryPoint.cpp */ = {isa = PBXFileReference; fileEncoding = 2147486209; lastKnownFileType = sourcecode.cpp.cpp; path = EntryPoint.cpp; sourceTree = "<group>"; };
		C5D0D0A20D97AC8A007D272A /* EntryPoint.hpp */ = {isa = PBXFileReference; fileEncoding = 2147486209; lastKnownFileType = sourcecode.cpp.h; path = EntryPoint.hpp; sourceTree = "<group>"; };
		C5D0D0A30D97AC8A007D272A /* Main.cpp */ = {isa = PBXFileReference; fileEncoding = 2147486209; lastKnownFileType = sourcecode.cpp.cpp; path = Main.cpp; sourceTree = "<group>"; };
		C5D0D0A40D97AC8A007D272A /* Precompile.cpp */ = {isa = PBXFileReference; fileEncoding = 2147486209; lastKnownFileType = sourcecode.cpp.cpp; path = Precompile.cpp; sourceTree = "<group>"; };
		C5D0D0A50D97AC8A007D272A /* Precompile.hpp */ = {isa = PBXFileReference; fileEncoding = 2147486209; lastKnownFileType = sourcecode.cpp.h; path = Precompile.hpp; sourceTree = "<group>"; };
		C5D0D0C30D97AE9F007D272A /* libtextga.a */ = {isa = PBXFileReference; lastKnownFileType = archive.ar; name = libtextga.a; path = ../lib/textga_cpplib/MacOSX/build/Release/i386/libtextga.a; sourceTree = SOURCE_ROOT; };
		C5D0D0D30D97AFE1007D272A /* libGLPic.a */ = {isa = PBXFileReference; lastKnownFileType = archive.ar; name = libGLPic.a; path = ../lib/glpic/MacOSX/build/Release/libGLPic.a; sourceTree = SOURCE_ROOT; };
		C6859E8B029090EE04C91782 /* glpic_conv.1 */ = {isa = PBXFileReference; lastKnownFileType = text.man; path = glpic_conv.1; sourceTree = "<group>"; };
/* End PBXFileReference section */

/* Begin PBXFrameworksBuildPhase section */
		8DD76F660486A84900D96B5E /* Frameworks */ = {
			isa = PBXFrameworksBuildPhase;
			buildActionMask = 2147483647;
			files = (
				C5D0D0C40D97AE9F007D272A /* libtextga.a in Frameworks */,
				C5D0D0D40D97AFE1007D272A /* libGLPic.a in Frameworks */,
			);
			runOnlyForDeploymentPostprocessing = 0;
		};
/* End PBXFrameworksBuildPhase section */

/* Begin PBXGroup section */
		08FB7794FE84155DC02AAC07 /* glpic_conv */ = {
			isa = PBXGroup;
			children = (
				C5D0D0BF0D97AE70007D272A /* Library */,
				08FB7795FE84155DC02AAC07 /* Source */,
				C6859E8C029090F304C91782 /* Documentation */,
				1AB674ADFE9D54B511CA2CBB /* Products */,
			);
			name = glpic_conv;
			sourceTree = "<group>";
		};
		08FB7795FE84155DC02AAC07 /* Source */ = {
			isa = PBXGroup;
			children = (
				C5D0D0A00D97AC8A007D272A /* src */,
			);
			name = Source;
			sourceTree = "<group>";
		};
		1AB674ADFE9D54B511CA2CBB /* Products */ = {
			isa = PBXGroup;
			children = (
				8DD76F6C0486A84900D96B5E /* glpic_conv */,
			);
			name = Products;
			sourceTree = "<group>";
		};
		C5D0D0A00D97AC8A007D272A /* src */ = {
			isa = PBXGroup;
			children = (
				C5D0D0A10D97AC8A007D272A /* EntryPoint.cpp */,
				C5D0D0A20D97AC8A007D272A /* EntryPoint.hpp */,
				C5D0D0A30D97AC8A007D272A /* Main.cpp */,
				C5D0D0A40D97AC8A007D272A /* Precompile.cpp */,
				C5D0D0A50D97AC8A007D272A /* Precompile.hpp */,
			);
			name = src;
			path = ../src;
			sourceTree = SOURCE_ROOT;
		};
		C5D0D0BF0D97AE70007D272A /* Library */ = {
			isa = PBXGroup;
			children = (
				C5D0D0D30D97AFE1007D272A /* libGLPic.a */,
				C5D0D0C30D97AE9F007D272A /* libtextga.a */,
			);
			name = Library;
			sourceTree = "<group>";
		};
		C6859E8C029090F304C91782 /* Documentation */ = {
			isa = PBXGroup;
			children = (
				C6859E8B029090EE04C91782 /* glpic_conv.1 */,
			);
			name = Documentation;
			sourceTree = "<group>";
		};
/* End PBXGroup section */

/* Begin PBXNativeTarget section */
		8DD76F620486A84900D96B5E /* glpic_conv */ = {
			isa = PBXNativeTarget;
			buildConfigurationList = 1DEB923108733DC60010E9CD /* Build configuration list for PBXNativeTarget "glpic_conv" */;
			buildPhases = (
				C5D0D0BE0D97ADE3007D272A /* ShellScript */,
				8DD76F640486A84900D96B5E /* Sources */,
				8DD76F660486A84900D96B5E /* Frameworks */,
				8DD76F690486A84900D96B5E /* CopyFiles */,
			);
			buildRules = (
			);
			dependencies = (
			);
			name = glpic_conv;
			productInstallPath = "$(HOME)/bin";
			productName = glpic_conv;
			productReference = 8DD76F6C0486A84900D96B5E /* glpic_conv */;
			productType = "com.apple.product-type.tool";
		};
/* End PBXNativeTarget section */

/* Begin PBXProject section */
		08FB7793FE84155DC02AAC07 /* Project object */ = {
			isa = PBXProject;
			buildConfigurationList = 1DEB923508733DC60010E9CD /* Build configuration list for PBXProject "glpic_conv" */;
			compatibilityVersion = "Xcode 3.0";
			hasScannedForEncodings = 1;
			mainGroup = 08FB7794FE84155DC02AAC07 /* glpic_conv */;
			projectDirPath = "";
			projectRoot = "";
			targets = (
				8DD76F620486A84900D96B5E /* glpic_conv */,
			);
		};
/* End PBXProject section */

/* Begin PBXShellScriptBuildPhase section */
		C5D0D0BE0D97ADE3007D272A /* ShellScript */ = {
			isa = PBXShellScriptBuildPhase;
			buildActionMask = 2147483647;
			files = (
			);
			inputPaths = (
			);
			outputPaths = (
			);
			runOnlyForDeploymentPostprocessing = 0;
			shellPath = /bin/sh;
			shellScript = "cd ${GLPIC_CPPLIB_DIR}/MacOSX && xcodebuild -target Static -configuration ${GLPIC_CONFIGURATION_NAME}\ncd ${TEXTGA_CPPLIB_DIR}/MacOSX && xcodebuild -target libtextga_ppc -configuration ${TEXTGA_CONFIGURATION_NAME}\ncd ${TEXTGA_CPPLIB_DIR}/MacOSX && xcodebuild -target libtextga_i386 -configuration ${TEXTGA_CONFIGURATION_NAME}\n";
		};
/* End PBXShellScriptBuildPhase section */

/* Begin PBXSourcesBuildPhase section */
		8DD76F640486A84900D96B5E /* Sources */ = {
			isa = PBXSourcesBuildPhase;
			buildActionMask = 2147483647;
			files = (
				C5D0D0A60D97AC8A007D272A /* EntryPoint.cpp in Sources */,
				C5D0D0A70D97AC8A007D272A /* Main.cpp in Sources */,
				C5D0D0A80D97AC8A007D272A /* Precompile.cpp in Sources */,
			);
			runOnlyForDeploymentPostprocessing = 0;
		};
/* End PBXSourcesBuildPhase section */

/* Begin XCBuildConfiguration section */
		1DEB923208733DC60010E9CD /* Debug */ = {
			isa = XCBuildConfiguration;
			buildSettings = {
				COPY_PHASE_STRIP = NO;
				GCC_DYNAMIC_NO_PIC = NO;
				GCC_ENABLE_FIX_AND_CONTINUE = NO;
				GCC_ENABLE_SYMBOL_SEPARATION = NO;
				GCC_INLINES_ARE_PRIVATE_EXTERN = NO;
				GCC_MODEL_TUNING = G5;
				GCC_OPTIMIZATION_LEVEL = 0;
				GCC_PREFIX_HEADER = "$(PROJECT_DIR)/../src/Precompile.hpp";
				GCC_PREPROCESSOR_DEFINITIONS = (
					"_GLIBCXX_DEBUG=1",
					"_GLIBCXX_DEBUG_PEDANTIC=1",
				);
				GCC_SYMBOLS_PRIVATE_EXTERN = NO;
				GLPIC_CONFIGURATION_NAME = Debug;
				GLPIC_CPPLIB_DIR = "$(PROJECT_DIR)/../lib/glpic";
				GLPIC_CPPLIB_LIBDIR = "$(GLPIC_CPPLIB_DIR)/MacOSX/build/$(GLPIC_CONFIGURATION_NAME)";
				HEADER_SEARCH_PATHS = (
					"$(TEXTGA_CPPLIB_DIR)/include",
					"$(GLPIC_CPPLIB_DIR)/include",
				);
				INSTALL_PATH = /usr/local/bin;
				LIBRARY_SEARCH_PATHS = (
					"$(inherited)",
					"$(TEXTGA_CPPLIB_LIBDIR)",
					"$(GLPIC_CPPLIB_LIBDIR)",
				);
				PRODUCT_NAME = glpic_conv;
				TEXTGA_CONFIGURATION_NAME = Debug;
				TEXTGA_CPPLIB_DIR = "$(PROJECT_DIR)/../lib/textga_cpplib";
				TEXTGA_CPPLIB_LIBDIR = "$(TEXTGA_CPPLIB_DIR)/MacOSX/build/$(TEXTGA_CONFIGURATION_NAME)/$(CURRENT_ARCH)";
				ZERO_LINK = YES;
			};
			name = Debug;
		};
		1DEB923308733DC60010E9CD /* Release */ = {
			isa = XCBuildConfiguration;
			buildSettings = {
				DEBUG_INFORMATION_FORMAT = "dwarf-with-dsym";
				GCC_DYNAMIC_NO_PIC = NO;
				GCC_ENABLE_FIX_AND_CONTINUE = NO;
				GCC_ENABLE_SYMBOL_SEPARATION = NO;
				GCC_INLINES_ARE_PRIVATE_EXTERN = NO;
				GCC_MODEL_TUNING = G5;
				GCC_PREFIX_HEADER = "$(PROJECT_DIR)/../src/Precompile.hpp";
				GCC_SYMBOLS_PRIVATE_EXTERN = NO;
				GLPIC_CONFIGURATION_NAME = Release;
				GLPIC_CPPLIB_DIR = "$(PROJECT_DIR)/../lib/glpic";
				GLPIC_CPPLIB_LIBDIR = "$(GLPIC_CPPLIB_DIR)/MacOSX/build/$(GLPIC_CONFIGURATION_NAME)";
				HEADER_SEARCH_PATHS = (
					"$(TEXTGA_CPPLIB_DIR)/include",
					"$(GLPIC_CPPLIB_DIR)/include",
				);
				INSTALL_PATH = /usr/local/bin;
				LIBRARY_SEARCH_PATHS = (
					"$(inherited)",
					"$(TEXTGA_CPPLIB_LIBDIR)",
					"$(GLPIC_CPPLIB_LIBDIR)",
				);
				PRODUCT_NAME = glpic_conv;
				TEXTGA_CONFIGURATION_NAME = Release;
				TEXTGA_CPPLIB_DIR = "$(PROJECT_DIR)/../lib/textga_cpplib";
				TEXTGA_CPPLIB_LIBDIR = "$(TEXTGA_CPPLIB_DIR)/MacOSX/build/$(TEXTGA_CONFIGURATION_NAME)/$(CURRENT_ARCH)";
			};
			name = Release;
		};
		1DEB923608733DC60010E9CD /* Debug */ = {
			isa = XCBuildConfiguration;
			buildSettings = {
				GCC_WARN_ABOUT_RETURN_TYPE = YES;
				GCC_WARN_UNUSED_VARIABLE = YES;
				PREBINDING = NO;
				SDKROOT = "$(DEVELOPER_SDK_DIR)/MacOSX10.4u.sdk";
			};
			name = Debug;
		};
		1DEB923708733DC60010E9CD /* Release */ = {
			isa = XCBuildConfiguration;
			buildSettings = {
				ARCHS = (
					ppc,
					i386,
				);
				GCC_WARN_ABOUT_RETURN_TYPE = YES;
				GCC_WARN_UNUSED_VARIABLE = YES;
				PREBINDING = NO;
				SDKROOT = "$(DEVELOPER_SDK_DIR)/MacOSX10.4u.sdk";
			};
			name = Release;
		};
/* End XCBuildConfiguration section */

/* Begin XCConfigurationList section */
		1DEB923108733DC60010E9CD /* Build configuration list for PBXNativeTarget "glpic_conv" */ = {
			isa = XCConfigurationList;
			buildConfigurations = (
				1DEB923208733DC60010E9CD /* Debug */,
				1DEB923308733DC60010E9CD /* Release */,
			);
			defaultConfigurationIsVisible = 0;
			defaultConfigurationName = Release;
		};
		1DEB923508733DC60010E9CD /* Build configuration list for PBXProject "glpic_conv" */ = {
			isa = XCConfigurationList;
			buildConfigurations = (
				1DEB923608733DC60010E9CD /* Debug */,
				1DEB923708733DC60010E9CD /* Release */,
			);
			defaultConfigurationIsVisible = 0;
			defaultConfigurationName = Release;
		};
/* End XCConfigurationList section */
	};
	rootObject = 08FB7793FE84155DC02AAC07 /* Project object */;
}
