
Microsoft Visual Studio Solution File, Format Version 9.00
# Visual Studio 2005
Project("{8BC9CEB8-8B4A-11D0-8D11-00A0C91BC942}") = "sysg3d_conv", "sysg3d_conv.vcproj", "{615DFD3E-2DF8-4D52-8FB4-451313200897}"
EndProject
Project("{8BC9CEB8-8B4A-11D0-8D11-00A0C91BC942}") = "sysg3d_texconv", "sysg3d_texconv.vcproj", "{35640981-85AD-46E8-870B-223AD2E6708B}"
	ProjectSection(ProjectDependencies) = postProject
		{BD7F3F04-5D93-430C-8862-E0F13C5D5136} = {BD7F3F04-5D93-430C-8862-E0F13C5D5136}
	EndProjectSection
EndProject
Project("{8BC9CEB8-8B4A-11D0-8D11-00A0C91BC942}") = "textga_static", "lib\textga_cpplib\Win32\textga_static.vcproj", "{BD7F3F04-5D93-430C-8862-E0F13C5D5136}"
EndProject
Global
	GlobalSection(SolutionConfigurationPlatforms) = preSolution
		Debug|Win32 = Debug|Win32
		Develop|Win32 = Develop|Win32
		Release|Win32 = Release|Win32
	EndGlobalSection
	GlobalSection(ProjectConfigurationPlatforms) = postSolution
		{615DFD3E-2DF8-4D52-8FB4-451313200897}.Debug|Win32.ActiveCfg = Debug|Win32
		{615DFD3E-2DF8-4D52-8FB4-451313200897}.Debug|Win32.Build.0 = Debug|Win32
		{615DFD3E-2DF8-4D52-8FB4-451313200897}.Develop|Win32.ActiveCfg = Debug|Win32
		{615DFD3E-2DF8-4D52-8FB4-451313200897}.Develop|Win32.Build.0 = Debug|Win32
		{615DFD3E-2DF8-4D52-8FB4-451313200897}.Release|Win32.ActiveCfg = Release|Win32
		{615DFD3E-2DF8-4D52-8FB4-451313200897}.Release|Win32.Build.0 = Release|Win32
		{35640981-85AD-46E8-870B-223AD2E6708B}.Debug|Win32.ActiveCfg = Debug|Win32
		{35640981-85AD-46E8-870B-223AD2E6708B}.Debug|Win32.Build.0 = Debug|Win32
		{35640981-85AD-46E8-870B-223AD2E6708B}.Develop|Win32.ActiveCfg = Debug|Win32
		{35640981-85AD-46E8-870B-223AD2E6708B}.Develop|Win32.Build.0 = Debug|Win32
		{35640981-85AD-46E8-870B-223AD2E6708B}.Release|Win32.ActiveCfg = Release|Win32
		{35640981-85AD-46E8-870B-223AD2E6708B}.Release|Win32.Build.0 = Release|Win32
		{BD7F3F04-5D93-430C-8862-E0F13C5D5136}.Debug|Win32.ActiveCfg = Debug|Win32
		{BD7F3F04-5D93-430C-8862-E0F13C5D5136}.Debug|Win32.Build.0 = Debug|Win32
		{BD7F3F04-5D93-430C-8862-E0F13C5D5136}.Develop|Win32.ActiveCfg = Develop|Win32
		{BD7F3F04-5D93-430C-8862-E0F13C5D5136}.Develop|Win32.Build.0 = Develop|Win32
		{BD7F3F04-5D93-430C-8862-E0F13C5D5136}.Release|Win32.ActiveCfg = Release|Win32
		{BD7F3F04-5D93-430C-8862-E0F13C5D5136}.Release|Win32.Build.0 = Release|Win32
	EndGlobalSection
	GlobalSection(SolutionProperties) = preSolution
		HideSolutionNode = FALSE
	EndGlobalSection
EndGlobal
