
Microsoft Visual Studio Solution File, Format Version 10.00
# Visual C# Express 2008
Project("{FAE04EC0-301F-11D3-BF4B-00C04F79EFBC}") = "ShibaCompiler", "ShibaCompiler\ShibaCompiler.csproj", "{8F07BB3D-EB2A-4072-8B95-34366AFB5168}"
EndProject
Global
	GlobalSection(SolutionConfigurationPlatforms) = preSolution
		Debug|Any CPU = Debug|Any CPU
		Release|Any CPU = Release|Any CPU
	EndGlobalSection
	GlobalSection(ProjectConfigurationPlatforms) = postSolution
		{8F07BB3D-EB2A-4072-8B95-34366AFB5168}.Debug|Any CPU.ActiveCfg = Debug|Any CPU
		{8F07BB3D-EB2A-4072-8B95-34366AFB5168}.Debug|Any CPU.Build.0 = Debug|Any CPU
		{8F07BB3D-EB2A-4072-8B95-34366AFB5168}.Release|Any CPU.ActiveCfg = Release|Any CPU
		{8F07BB3D-EB2A-4072-8B95-34366AFB5168}.Release|Any CPU.Build.0 = Release|Any CPU
	EndGlobalSection
	GlobalSection(SolutionProperties) = preSolution
		HideSolutionNode = FALSE
	EndGlobalSection
EndGlobal
